
Microsoft Visual Studio Solution File, Format Version 12.00
# Visual Studio Version 16
VisualStudioVersion = 16.0.30523.141
MinimumVisualStudioVersion = 10.0.40219.1
Project("{FAE04EC0-301F-11D3-BF4B-00C04F79EFBC}") = "PayrollSystemTest", "PayrollSystemTest.csproj", "{DB3731B9-BA6F-4156-9467-873112E9B126}"
EndProject
Global
	GlobalSection(SolutionConfigurationPlatforms) = preSolution
		Debug|Any CPU = Debug|Any CPU
		Release|Any CPU = Release|Any CPU
	EndGlobalSection
	GlobalSection(ProjectConfigurationPlatforms) = postSolution
		{DB3731B9-BA6F-4156-9467-873112E9B126}.Debug|Any CPU.ActiveCfg = Debug|Any CPU
		{DB3731B9-BA6F-4156-9467-873112E9B126}.Debug|Any CPU.Build.0 = Debug|Any CPU
		{DB3731B9-BA6F-4156-9467-873112E9B126}.Release|Any CPU.ActiveCfg = Release|Any CPU
		{DB3731B9-BA6F-4156-9467-873112E9B126}.Release|Any CPU.Build.0 = Release|Any CPU
	EndGlobalSection
	GlobalSection(SolutionProperties) = preSolution
		HideSolutionNode = FALSE
	EndGlobalSection
	GlobalSection(ExtensibilityGlobals) = postSolution
		SolutionGuid = {24F396E0-7680-40A1-A6B5-C739BFF6A4CE}
	EndGlobalSection
EndGlobal
